
Microsoft Visual Studio Solution File, Format Version 12.00
# Visual Studio 15
VisualStudioVersion = 15.0.28010.2019
MinimumVisualStudioVersion = 10.0.40219.1
Project("{FAE04EC0-301F-11D3-BF4B-00C04F79EFBC}") = "UCloudSDK", "UCloudSDK\UCloudSDK.csproj", "{BB3049AE-7687-4C98-A59C-70C77A525289}"
EndProject
Project("{FAE04EC0-301F-11D3-BF4B-00C04F79EFBC}") = "UCloudSDK.Test", "UCloudSDK.Test\UCloudSDK.Test.csproj", "{5D38CEE4-F598-4E40-A287-5082545E1BDA}"
EndProject
Project("{FAE04EC0-301F-11D3-BF4B-00C04F79EFBC}") = "UCloudSDK.Net4", "UCloudSDK.Net4\UCloudSDK.Net4.csproj", "{FE52A1A1-3863-4182-AF5C-C71C71E3469C}"
EndProject
Project("{FAE04EC0-301F-11D3-BF4B-00C04F79EFBC}") = "UCloudSDK.Net45", "UCloudSDK.Net45\UCloudSDK.Net45.csproj", "{8F72F6DA-19D9-4ACC-81AD-1E277F41E9D2}"
EndProject
Project("{FAE04EC0-301F-11D3-BF4B-00C04F79EFBC}") = "UCloudSDK.Net451", "UCloudSDK.Net451\UCloudSDK.Net451.csproj", "{4B894672-9848-4E5F-8D0D-0711384C3580}"
EndProject
Project("{FAE04EC0-301F-11D3-BF4B-00C04F79EFBC}") = "UCloudSDK.Net452", "UCloudSDK.Net452\UCloudSDK.Net452.csproj", "{7520B35E-BF1D-4816-866D-0D508BD9DC86}"
EndProject
Project("{FAE04EC0-301F-11D3-BF4B-00C04F79EFBC}") = "UCloudSDK.NetCore2", "UCloudSDK.NetCore2\UCloudSDK.NetCore2.csproj", "{5D0D5CA2-CDEA-4CAB-AA17-9881742B698D}"
EndProject
Global
	GlobalSection(SolutionConfigurationPlatforms) = preSolution
		Debug|Any CPU = Debug|Any CPU
		Release|Any CPU = Release|Any CPU
	EndGlobalSection
	GlobalSection(ProjectConfigurationPlatforms) = postSolution
		{BB3049AE-7687-4C98-A59C-70C77A525289}.Debug|Any CPU.ActiveCfg = Debug|Any CPU
		{BB3049AE-7687-4C98-A59C-70C77A525289}.Debug|Any CPU.Build.0 = Debug|Any CPU
		{BB3049AE-7687-4C98-A59C-70C77A525289}.Release|Any CPU.ActiveCfg = Release|Any CPU
		{BB3049AE-7687-4C98-A59C-70C77A525289}.Release|Any CPU.Build.0 = Release|Any CPU
		{5D38CEE4-F598-4E40-A287-5082545E1BDA}.Debug|Any CPU.ActiveCfg = Debug|Any CPU
		{5D38CEE4-F598-4E40-A287-5082545E1BDA}.Debug|Any CPU.Build.0 = Debug|Any CPU
		{5D38CEE4-F598-4E40-A287-5082545E1BDA}.Release|Any CPU.ActiveCfg = Release|Any CPU
		{5D38CEE4-F598-4E40-A287-5082545E1BDA}.Release|Any CPU.Build.0 = Release|Any CPU
		{FE52A1A1-3863-4182-AF5C-C71C71E3469C}.Debug|Any CPU.ActiveCfg = Debug|Any CPU
		{FE52A1A1-3863-4182-AF5C-C71C71E3469C}.Debug|Any CPU.Build.0 = Debug|Any CPU
		{FE52A1A1-3863-4182-AF5C-C71C71E3469C}.Release|Any CPU.ActiveCfg = Release|Any CPU
		{FE52A1A1-3863-4182-AF5C-C71C71E3469C}.Release|Any CPU.Build.0 = Release|Any CPU
		{8F72F6DA-19D9-4ACC-81AD-1E277F41E9D2}.Debug|Any CPU.ActiveCfg = Debug|Any CPU
		{8F72F6DA-19D9-4ACC-81AD-1E277F41E9D2}.Debug|Any CPU.Build.0 = Debug|Any CPU
		{8F72F6DA-19D9-4ACC-81AD-1E277F41E9D2}.Release|Any CPU.ActiveCfg = Release|Any CPU
		{8F72F6DA-19D9-4ACC-81AD-1E277F41E9D2}.Release|Any CPU.Build.0 = Release|Any CPU
		{4B894672-9848-4E5F-8D0D-0711384C3580}.Debug|Any CPU.ActiveCfg = Debug|Any CPU
		{4B894672-9848-4E5F-8D0D-0711384C3580}.Debug|Any CPU.Build.0 = Debug|Any CPU
		{4B894672-9848-4E5F-8D0D-0711384C3580}.Release|Any CPU.ActiveCfg = Release|Any CPU
		{4B894672-9848-4E5F-8D0D-0711384C3580}.Release|Any CPU.Build.0 = Release|Any CPU
		{7520B35E-BF1D-4816-866D-0D508BD9DC86}.Debug|Any CPU.ActiveCfg = Debug|Any CPU
		{7520B35E-BF1D-4816-866D-0D508BD9DC86}.Debug|Any CPU.Build.0 = Debug|Any CPU
		{7520B35E-BF1D-4816-866D-0D508BD9DC86}.Release|Any CPU.ActiveCfg = Release|Any CPU
		{7520B35E-BF1D-4816-866D-0D508BD9DC86}.Release|Any CPU.Build.0 = Release|Any CPU
		{5D0D5CA2-CDEA-4CAB-AA17-9881742B698D}.Debug|Any CPU.ActiveCfg = Debug|Any CPU
		{5D0D5CA2-CDEA-4CAB-AA17-9881742B698D}.Debug|Any CPU.Build.0 = Debug|Any CPU
		{5D0D5CA2-CDEA-4CAB-AA17-9881742B698D}.Release|Any CPU.ActiveCfg = Release|Any CPU
		{5D0D5CA2-CDEA-4CAB-AA17-9881742B698D}.Release|Any CPU.Build.0 = Release|Any CPU
	EndGlobalSection
	GlobalSection(SolutionProperties) = preSolution
		HideSolutionNode = FALSE
	EndGlobalSection
	GlobalSection(ExtensibilityGlobals) = postSolution
		SolutionGuid = {B20A4DFE-088C-4ABF-B42D-D85587183970}
	EndGlobalSection
EndGlobal
